
Microsoft Visual Studio Solution File, Format Version 12.00
# Visual Studio 15
VisualStudioVersion = 15.0.28307.1231
MinimumVisualStudioVersion = 10.0.40219.1
Project("{FAE04EC0-301F-11D3-BF4B-00C04F79EFBC}") = "_Q10_ascending", "_Q10_ascending\_Q10_ascending.csproj", "{BA558346-C2E5-421A-B5AE-F706D3846887}"
EndProject
Global
	GlobalSection(SolutionConfigurationPlatforms) = preSolution
		Debug|Any CPU = Debug|Any CPU
		Release|Any CPU = Release|Any CPU
	EndGlobalSection
	GlobalSection(ProjectConfigurationPlatforms) = postSolution
		{BA558346-C2E5-421A-B5AE-F706D3846887}.Debug|Any CPU.ActiveCfg = Debug|Any CPU
		{BA558346-C2E5-421A-B5AE-F706D3846887}.Debug|Any CPU.Build.0 = Debug|Any CPU
		{BA558346-C2E5-421A-B5AE-F706D3846887}.Release|Any CPU.ActiveCfg = Release|Any CPU
		{BA558346-C2E5-421A-B5AE-F706D3846887}.Release|Any CPU.Build.0 = Release|Any CPU
	EndGlobalSection
	GlobalSection(SolutionProperties) = preSolution
		HideSolutionNode = FALSE
	EndGlobalSection
	GlobalSection(ExtensibilityGlobals) = postSolution
		SolutionGuid = {67283F2D-D751-42E9-A1EE-5C107085D1FB}
	EndGlobalSection
EndGlobal
