
Microsoft Visual Studio Solution File, Format Version 12.00
# Visual Studio 15
VisualStudioVersion = 15.0.28307.1231
MinimumVisualStudioVersion = 10.0.40219.1
Project("{FAE04EC0-301F-11D3-BF4B-00C04F79EFBC}") = "_Q5_generate_n_series", "_Q5_generate_n_series\_Q5_generate_n_series.csproj", "{99753FC9-0D89-474B-90D4-419B96DB1091}"
EndProject
Global
	GlobalSection(SolutionConfigurationPlatforms) = preSolution
		Debug|Any CPU = Debug|Any CPU
		Release|Any CPU = Release|Any CPU
	EndGlobalSection
	GlobalSection(ProjectConfigurationPlatforms) = postSolution
		{99753FC9-0D89-474B-90D4-419B96DB1091}.Debug|Any CPU.ActiveCfg = Debug|Any CPU
		{99753FC9-0D89-474B-90D4-419B96DB1091}.Debug|Any CPU.Build.0 = Debug|Any CPU
		{99753FC9-0D89-474B-90D4-419B96DB1091}.Release|Any CPU.ActiveCfg = Release|Any CPU
		{99753FC9-0D89-474B-90D4-419B96DB1091}.Release|Any CPU.Build.0 = Release|Any CPU
	EndGlobalSection
	GlobalSection(SolutionProperties) = preSolution
		HideSolutionNode = FALSE
	EndGlobalSection
	GlobalSection(ExtensibilityGlobals) = postSolution
		SolutionGuid = {0E7A89C9-8B83-4846-AA91-5ED000FC95DB}
	EndGlobalSection
EndGlobal
