
Microsoft Visual Studio Solution File, Format Version 12.00
# Visual Studio 15
VisualStudioVersion = 15.0.28307.1231
MinimumVisualStudioVersion = 10.0.40219.1
Project("{FAE04EC0-301F-11D3-BF4B-00C04F79EFBC}") = "_Q6_Prime_No", "_Q6_Prime_No\_Q6_Prime_No.csproj", "{62DB590F-A73F-4C9D-AF03-2F6D71C91591}"
EndProject
Global
	GlobalSection(SolutionConfigurationPlatforms) = preSolution
		Debug|Any CPU = Debug|Any CPU
		Release|Any CPU = Release|Any CPU
	EndGlobalSection
	GlobalSection(ProjectConfigurationPlatforms) = postSolution
		{62DB590F-A73F-4C9D-AF03-2F6D71C91591}.Debug|Any CPU.ActiveCfg = Debug|Any CPU
		{62DB590F-A73F-4C9D-AF03-2F6D71C91591}.Debug|Any CPU.Build.0 = Debug|Any CPU
		{62DB590F-A73F-4C9D-AF03-2F6D71C91591}.Release|Any CPU.ActiveCfg = Release|Any CPU
		{62DB590F-A73F-4C9D-AF03-2F6D71C91591}.Release|Any CPU.Build.0 = Release|Any CPU
	EndGlobalSection
	GlobalSection(SolutionProperties) = preSolution
		HideSolutionNode = FALSE
	EndGlobalSection
	GlobalSection(ExtensibilityGlobals) = postSolution
		SolutionGuid = {A30CF4BC-F44A-4572-BD00-877F09E0D5DC}
	EndGlobalSection
EndGlobal
