
Microsoft Visual Studio Solution File, Format Version 12.00
# Visual Studio 15
VisualStudioVersion = 15.0.28307.1231
MinimumVisualStudioVersion = 10.0.40219.1
Project("{FAE04EC0-301F-11D3-BF4B-00C04F79EFBC}") = "ConsoleApp13", "ConsoleApp13\ConsoleApp13.csproj", "{724F2B3D-616A-4E6A-B27B-0AAA743BD798}"
EndProject
Global
	GlobalSection(SolutionConfigurationPlatforms) = preSolution
		Debug|Any CPU = Debug|Any CPU
		Release|Any CPU = Release|Any CPU
	EndGlobalSection
	GlobalSection(ProjectConfigurationPlatforms) = postSolution
		{724F2B3D-616A-4E6A-B27B-0AAA743BD798}.Debug|Any CPU.ActiveCfg = Debug|Any CPU
		{724F2B3D-616A-4E6A-B27B-0AAA743BD798}.Debug|Any CPU.Build.0 = Debug|Any CPU
		{724F2B3D-616A-4E6A-B27B-0AAA743BD798}.Release|Any CPU.ActiveCfg = Release|Any CPU
		{724F2B3D-616A-4E6A-B27B-0AAA743BD798}.Release|Any CPU.Build.0 = Release|Any CPU
	EndGlobalSection
	GlobalSection(SolutionProperties) = preSolution
		HideSolutionNode = FALSE
	EndGlobalSection
	GlobalSection(ExtensibilityGlobals) = postSolution
		SolutionGuid = {10419C41-EADD-43A0-9071-95177F0C958F}
	EndGlobalSection
EndGlobal
